// !$*UTF8*$!
{
	archiveVersion = 1;
	classes = {
	};
	objectVersion = 56;
	objects = {

/* Begin PBXBuildFile section */
		1743259329997BAD008979C6 /* View.swift in Sources */ = {isa = PBXBuildFile; fileRef = 1743259229997BAD008979C6 /* View.swift */; };
		1743259529997BB7008979C6 /* Interactor.swift in Sources */ = {isa = PBXBuildFile; fileRef = 1743259429997BB7008979C6 /* Interactor.swift */; };
		1743259729997BC1008979C6 /* Presenter.swift in Sources */ = {isa = PBXBuildFile; fileRef = 1743259629997BC1008979C6 /* Presenter.swift */; };
		1743259929997BCD008979C6 /* DataFlow.swift in Sources */ = {isa = PBXBuildFile; fileRef = 1743259829997BCD008979C6 /* DataFlow.swift */; };
		1743259D29997BE4008979C6 /* Provider.swift in Sources */ = {isa = PBXBuildFile; fileRef = 1743259C29997BE4008979C6 /* Provider.swift */; };
		1743259F29997C01008979C6 /* DataStore.swift in Sources */ = {isa = PBXBuildFile; fileRef = 1743259E29997C01008979C6 /* DataStore.swift */; };
		174325A2299983F2008979C6 /* Factory.swift in Sources */ = {isa = PBXBuildFile; fileRef = 174325A1299983F2008979C6 /* Factory.swift */; };
		17505C3C29967CA200EE30AC /* AppDelegate.swift in Sources */ = {isa = PBXBuildFile; fileRef = 17505C3B29967CA200EE30AC /* AppDelegate.swift */; };
		17505C3E29967CA200EE30AC /* SceneDelegate.swift in Sources */ = {isa = PBXBuildFile; fileRef = 17505C3D29967CA200EE30AC /* SceneDelegate.swift */; };
		17505C4029967CA200EE30AC /* ViewController.swift in Sources */ = {isa = PBXBuildFile; fileRef = 17505C3F29967CA200EE30AC /* ViewController.swift */; };
		17505C4329967CA200EE30AC /* Main.storyboard in Resources */ = {isa = PBXBuildFile; fileRef = 17505C4129967CA200EE30AC /* Main.storyboard */; };
		17505C4529967CA800EE30AC /* Assets.xcassets in Resources */ = {isa = PBXBuildFile; fileRef = 17505C4429967CA800EE30AC /* Assets.xcassets */; };
		17505C4829967CA800EE30AC /* LaunchScreen.storyboard in Resources */ = {isa = PBXBuildFile; fileRef = 17505C4629967CA800EE30AC /* LaunchScreen.storyboard */; };
		17505C5029968D7300EE30AC /* InternshipInfoViewController.swift in Sources */ = {isa = PBXBuildFile; fileRef = 17505C4F29968D7300EE30AC /* InternshipInfoViewController.swift */; };
		17F3CBBC29991D6A002FC89F /* CollectionCell.swift in Sources */ = {isa = PBXBuildFile; fileRef = 17F3CBBB29991D6A002FC89F /* CollectionCell.swift */; };
		17F3CBBE299963CC002FC89F /* DirectionModel.swift in Sources */ = {isa = PBXBuildFile; fileRef = 17F3CBBD299963CC002FC89F /* DirectionModel.swift */; };
/* End PBXBuildFile section */

/* Begin PBXFileReference section */
		1743259229997BAD008979C6 /* View.swift */ = {isa = PBXFileReference; lastKnownFileType = sourcecode.swift; path = View.swift; sourceTree = "<group>"; };
		1743259429997BB7008979C6 /* Interactor.swift */ = {isa = PBXFileReference; lastKnownFileType = sourcecode.swift; path = Interactor.swift; sourceTree = "<group>"; };
		1743259629997BC1008979C6 /* Presenter.swift */ = {isa = PBXFileReference; lastKnownFileType = sourcecode.swift; path = Presenter.swift; sourceTree = "<group>"; };
		1743259829997BCD008979C6 /* DataFlow.swift */ = {isa = PBXFileReference; lastKnownFileType = sourcecode.swift; path = DataFlow.swift; sourceTree = "<group>"; };
		1743259C29997BE4008979C6 /* Provider.swift */ = {isa = PBXFileReference; lastKnownFileType = sourcecode.swift; path = Provider.swift; sourceTree = "<group>"; };
		1743259E29997C01008979C6 /* DataStore.swift */ = {isa = PBXFileReference; lastKnownFileType = sourcecode.swift; path = DataStore.swift; sourceTree = "<group>"; };
		174325A1299983F2008979C6 /* Factory.swift */ = {isa = PBXFileReference; lastKnownFileType = sourcecode.swift; path = Factory.swift; sourceTree = "<group>"; };
		17505C3829967CA200EE30AC /* SurfInternship.app */ = {isa = PBXFileReference; explicitFileType = wrapper.application; includeInIndex = 0; path = SurfInternship.app; sourceTree = BUILT_PRODUCTS_DIR; };
		17505C3B29967CA200EE30AC /* AppDelegate.swift */ = {isa = PBXFileReference; lastKnownFileType = sourcecode.swift; path = AppDelegate.swift; sourceTree = "<group>"; };
		17505C3D29967CA200EE30AC /* SceneDelegate.swift */ = {isa = PBXFileReference; lastKnownFileType = sourcecode.swift; path = SceneDelegate.swift; sourceTree = "<group>"; };
		17505C3F29967CA200EE30AC /* ViewController.swift */ = {isa = PBXFileReference; lastKnownFileType = sourcecode.swift; path = ViewController.swift; sourceTree = "<group>"; };
		17505C4229967CA200EE30AC /* Base */ = {isa = PBXFileReference; lastKnownFileType = file.storyboard; name = Base; path = Base.lproj/Main.storyboard; sourceTree = "<group>"; };
		17505C4429967CA800EE30AC /* Assets.xcassets */ = {isa = PBXFileReference; lastKnownFileType = folder.assetcatalog; path = Assets.xcassets; sourceTree = "<group>"; };
		17505C4729967CA800EE30AC /* Base */ = {isa = PBXFileReference; lastKnownFileType = file.storyboard; name = Base; path = Base.lproj/LaunchScreen.storyboard; sourceTree = "<group>"; };
		17505C4929967CA800EE30AC /* Info.plist */ = {isa = PBXFileReference; lastKnownFileType = text.plist.xml; path = Info.plist; sourceTree = "<group>"; };
		17505C4F29968D7300EE30AC /* InternshipInfoViewController.swift */ = {isa = PBXFileReference; lastKnownFileType = sourcecode.swift; path = InternshipInfoViewController.swift; sourceTree = "<group>"; };
		17F3CBBB29991D6A002FC89F /* CollectionCell.swift */ = {isa = PBXFileReference; lastKnownFileType = sourcecode.swift; path = CollectionCell.swift; sourceTree = SOURCE_ROOT; };
		17F3CBBD299963CC002FC89F /* DirectionModel.swift */ = {isa = PBXFileReference; lastKnownFileType = sourcecode.swift; path = DirectionModel.swift; sourceTree = "<group>"; };
/* End PBXFileReference section */

/* Begin PBXFrameworksBuildPhase section */
		17505C3529967CA200EE30AC /* Frameworks */ = {
			isa = PBXFrameworksBuildPhase;
			buildActionMask = 2147483647;
			files = (
			);
			runOnlyForDeploymentPostprocessing = 0;
		};
/* End PBXFrameworksBuildPhase section */

/* Begin PBXGroup section */
		17505C2F29967CA200EE30AC = {
			isa = PBXGroup;
			children = (
				17505C3A29967CA200EE30AC /* SurfInternship */,
				17505C3929967CA200EE30AC /* Products */,
			);
			sourceTree = "<group>";
		};
		17505C3929967CA200EE30AC /* Products */ = {
			isa = PBXGroup;
			children = (
				17505C3829967CA200EE30AC /* SurfInternship.app */,
			);
			name = Products;
			sourceTree = "<group>";
		};
		17505C3A29967CA200EE30AC /* SurfInternship */ = {
			isa = PBXGroup;
			children = (
				17F3CBBB29991D6A002FC89F /* CollectionCell.swift */,
				17505C3B29967CA200EE30AC /* AppDelegate.swift */,
				17505C3D29967CA200EE30AC /* SceneDelegate.swift */,
				17505C3F29967CA200EE30AC /* ViewController.swift */,
				17505C4129967CA200EE30AC /* Main.storyboard */,
				17505C4429967CA800EE30AC /* Assets.xcassets */,
				17505C4629967CA800EE30AC /* LaunchScreen.storyboard */,
				17505C4929967CA800EE30AC /* Info.plist */,
				17505C4F29968D7300EE30AC /* InternshipInfoViewController.swift */,
				17F3CBBD299963CC002FC89F /* DirectionModel.swift */,
				1743259229997BAD008979C6 /* View.swift */,
				1743259429997BB7008979C6 /* Interactor.swift */,
				1743259629997BC1008979C6 /* Presenter.swift */,
				1743259829997BCD008979C6 /* DataFlow.swift */,
				1743259C29997BE4008979C6 /* Provider.swift */,
				1743259E29997C01008979C6 /* DataStore.swift */,
				174325A1299983F2008979C6 /* Factory.swift */,
			);
			path = SurfInternship;
			sourceTree = "<group>";
		};
/* End PBXGroup section */

/* Begin PBXNativeTarget section */
		17505C3729967CA200EE30AC /* SurfInternship */ = {
			isa = PBXNativeTarget;
			buildConfigurationList = 17505C4C29967CA800EE30AC /* Build configuration list for PBXNativeTarget "SurfInternship" */;
			buildPhases = (
				17505C3429967CA200EE30AC /* Sources */,
				17505C3529967CA200EE30AC /* Frameworks */,
				17505C3629967CA200EE30AC /* Resources */,
			);
			buildRules = (
			);
			dependencies = (
			);
			name = SurfInternship;
			productName = SurfInternship;
			productReference = 17505C3829967CA200EE30AC /* SurfInternship.app */;
			productType = "com.apple.product-type.application";
		};
/* End PBXNativeTarget section */

/* Begin PBXProject section */
		17505C3029967CA200EE30AC /* Project object */ = {
			isa = PBXProject;
			attributes = {
				BuildIndependentTargetsInParallel = 1;
				LastSwiftUpdateCheck = 1400;
				LastUpgradeCheck = 1400;
				TargetAttributes = {
					17505C3729967CA200EE30AC = {
						CreatedOnToolsVersion = 14.0.1;
					};
				};
			};
			buildConfigurationList = 17505C3329967CA200EE30AC /* Build configuration list for PBXProject "SurfInternship" */;
			compatibilityVersion = "Xcode 14.0";
			developmentRegion = en;
			hasScannedForEncodings = 0;
			knownRegions = (
				en,
				Base,
			);
			mainGroup = 17505C2F29967CA200EE30AC;
			productRefGroup = 17505C3929967CA200EE30AC /* Products */;
			projectDirPath = "";
			projectRoot = "";
			targets = (
				17505C3729967CA200EE30AC /* SurfInternship */,
			);
		};
/* End PBXProject section */

/* Begin PBXResourcesBuildPhase section */
		17505C3629967CA200EE30AC /* Resources */ = {
			isa = PBXResourcesBuildPhase;
			buildActionMask = 2147483647;
			files = (
				17505C4829967CA800EE30AC /* LaunchScreen.storyboard in Resources */,
				17505C4529967CA800EE30AC /* Assets.xcassets in Resources */,
				17505C4329967CA200EE30AC /* Main.storyboard in Resources */,
			);
			runOnlyForDeploymentPostprocessing = 0;
		};
/* End PBXResourcesBuildPhase section */

/* Begin PBXSourcesBuildPhase section */
		17505C3429967CA200EE30AC /* Sources */ = {
			isa = PBXSourcesBuildPhase;
			buildActionMask = 2147483647;
			files = (
				1743259329997BAD008979C6 /* View.swift in Sources */,
				17505C5029968D7300EE30AC /* InternshipInfoViewController.swift in Sources */,
				17F3CBBE299963CC002FC89F /* DirectionModel.swift in Sources */,
				1743259529997BB7008979C6 /* Interactor.swift in Sources */,
				1743259729997BC1008979C6 /* Presenter.swift in Sources */,
				174325A2299983F2008979C6 /* Factory.swift in Sources */,
				17505C4029967CA200EE30AC /* ViewController.swift in Sources */,
				1743259F29997C01008979C6 /* DataStore.swift in Sources */,
				17505C3C29967CA200EE30AC /* AppDelegate.swift in Sources */,
				1743259D29997BE4008979C6 /* Provider.swift in Sources */,
				17505C3E29967CA200EE30AC /* SceneDelegate.swift in Sources */,
				1743259929997BCD008979C6 /* DataFlow.swift in Sources */,
				17F3CBBC29991D6A002FC89F /* CollectionCell.swift in Sources */,
			);
			runOnlyForDeploymentPostprocessing = 0;
		};
/* End PBXSourcesBuildPhase section */

/* Begin PBXVariantGroup section */
		17505C4129967CA200EE30AC /* Main.storyboard */ = {
			isa = PBXVariantGroup;
			children = (
				17505C4229967CA200EE30AC /* Base */,
			);
			name = Main.storyboard;
			sourceTree = "<group>";
		};
		17505C4629967CA800EE30AC /* LaunchScreen.storyboard */ = {
			isa = PBXVariantGroup;
			children = (
				17505C4729967CA800EE30AC /* Base */,
			);
			name = LaunchScreen.storyboard;
			sourceTree = "<group>";
		};
/* End PBXVariantGroup section */

/* Begin XCBuildConfiguration section */
		17505C4A29967CA800EE30AC /* Debug */ = {
			isa = XCBuildConfiguration;
			buildSettings = {
				ALWAYS_SEARCH_USER_PATHS = NO;
				CLANG_ANALYZER_NONNULL = YES;
				CLANG_ANALYZER_NUMBER_OBJECT_CONVERSION = YES_AGGRESSIVE;
				CLANG_CXX_LANGUAGE_STANDARD = "gnu++20";
				CLANG_ENABLE_MODULES = YES;
				CLANG_ENABLE_OBJC_ARC = YES;
				CLANG_ENABLE_OBJC_WEAK = YES;
				CLANG_WARN_BLOCK_CAPTURE_AUTORELEASING = YES;
				CLANG_WARN_BOOL_CONVERSION = YES;
				CLANG_WARN_COMMA = YES;
				CLANG_WARN_CONSTANT_CONVERSION = YES;
				CLANG_WARN_DEPRECATED_OBJC_IMPLEMENTATIONS = YES;
				CLANG_WARN_DIRECT_OBJC_ISA_USAGE = YES_ERROR;
				CLANG_WARN_DOCUMENTATION_COMMENTS = YES;
				CLANG_WARN_EMPTY_BODY = YES;
				CLANG_WARN_ENUM_CONVERSION = YES;
				CLANG_WARN_INFINITE_RECURSION = YES;
				CLANG_WARN_INT_CONVERSION = YES;
				CLANG_WARN_NON_LITERAL_NULL_CONVERSION = YES;
				CLANG_WARN_OBJC_IMPLICIT_RETAIN_SELF = YES;
				CLANG_WARN_OBJC_LITERAL_CONVERSION = YES;
				CLANG_WARN_OBJC_ROOT_CLASS = YES_ERROR;
				CLANG_WARN_QUOTED_INCLUDE_IN_FRAMEWORK_HEADER = YES;
				CLANG_WARN_RANGE_LOOP_ANALYSIS = YES;
				CLANG_WARN_STRICT_PROTOTYPES = YES;
				CLANG_WARN_SUSPICIOUS_MOVE = YES;
				CLANG_WARN_UNGUARDED_AVAILABILITY = YES_AGGRESSIVE;
				CLANG_WARN_UNREACHABLE_CODE = YES;
				CLANG_WARN__DUPLICATE_METHOD_MATCH = YES;
				COPY_PHASE_STRIP = NO;
				DEBUG_INFORMATION_FORMAT = dwarf;
				ENABLE_STRICT_OBJC_MSGSEND = YES;
				ENABLE_TESTABILITY = YES;
				GCC_C_LANGUAGE_STANDARD = gnu11;
				GCC_DYNAMIC_NO_PIC = NO;
				GCC_NO_COMMON_BLOCKS = YES;
				GCC_OPTIMIZATION_LEVEL = 0;
				GCC_PREPROCESSOR_DEFINITIONS = (
					"DEBUG=1",
					"$(inherited)",
				);
				GCC_WARN_64_TO_32_BIT_CONVERSION = YES;
				GCC_WARN_ABOUT_RETURN_TYPE = YES_ERROR;
				GCC_WARN_UNDECLARED_SELECTOR = YES;
				GCC_WARN_UNINITIALIZED_AUTOS = YES_AGGRESSIVE;
				GCC_WARN_UNUSED_FUNCTION = YES;
				GCC_WARN_UNUSED_VARIABLE = YES;
				IPHONEOS_DEPLOYMENT_TARGET = 16.0;
				MTL_ENABLE_DEBUG_INFO = INCLUDE_SOURCE;
				MTL_FAST_MATH = YES;
				ONLY_ACTIVE_ARCH = YES;
				SDKROOT = iphoneos;
				SWIFT_ACTIVE_COMPILATION_CONDITIONS = DEBUG;
				SWIFT_OPTIMIZATION_LEVEL = "-Onone";
			};
			name = Debug;
		};
		17505C4B29967CA800EE30AC /* Release */ = {
			isa = XCBuildConfiguration;
			buildSettings = {
				ALWAYS_SEARCH_USER_PATHS = NO;
				CLANG_ANALYZER_NONNULL = YES;
				CLANG_ANALYZER_NUMBER_OBJECT_CONVERSION = YES_AGGRESSIVE;
				CLANG_CXX_LANGUAGE_STANDARD = "gnu++20";
				CLANG_ENABLE_MODULES = YES;
				CLANG_ENABLE_OBJC_ARC = YES;
				CLANG_ENABLE_OBJC_WEAK = YES;
				CLANG_WARN_BLOCK_CAPTURE_AUTORELEASING = YES;
				CLANG_WARN_BOOL_CONVERSION = YES;
				CLANG_WARN_COMMA = YES;
				CLANG_WARN_CONSTANT_CONVERSION = YES;
				CLANG_WARN_DEPRECATED_OBJC_IMPLEMENTATIONS = YES;
				CLANG_WARN_DIRECT_OBJC_ISA_USAGE = YES_ERROR;
				CLANG_WARN_DOCUMENTATION_COMMENTS = YES;
				CLANG_WARN_EMPTY_BODY = YES;
				CLANG_WARN_ENUM_CONVERSION = YES;
				CLANG_WARN_INFINITE_RECURSION = YES;
				CLANG_WARN_INT_CONVERSION = YES;
				CLANG_WARN_NON_LITERAL_NULL_CONVERSION = YES;
				CLANG_WARN_OBJC_IMPLICIT_RETAIN_SELF = YES;
				CLANG_WARN_OBJC_LITERAL_CONVERSION = YES;
				CLANG_WARN_OBJC_ROOT_CLASS = YES_ERROR;
				CLANG_WARN_QUOTED_INCLUDE_IN_FRAMEWORK_HEADER = YES;
				CLANG_WARN_RANGE_LOOP_ANALYSIS = YES;
				CLANG_WARN_STRICT_PROTOTYPES = YES;
				CLANG_WARN_SUSPICIOUS_MOVE = YES;
				CLANG_WARN_UNGUARDED_AVAILABILITY = YES_AGGRESSIVE;
				CLANG_WARN_UNREACHABLE_CODE = YES;
				CLANG_WARN__DUPLICATE_METHOD_MATCH = YES;
				COPY_PHASE_STRIP = NO;
				DEBUG_INFORMATION_FORMAT = "dwarf-with-dsym";
				ENABLE_NS_ASSERTIONS = NO;
				ENABLE_STRICT_OBJC_MSGSEND = YES;
				GCC_C_LANGUAGE_STANDARD = gnu11;
				GCC_NO_COMMON_BLOCKS = YES;
				GCC_WARN_64_TO_32_BIT_CONVERSION = YES;
				GCC_WARN_ABOUT_RETURN_TYPE = YES_ERROR;
				GCC_WARN_UNDECLARED_SELECTOR = YES;
				GCC_WARN_UNINITIALIZED_AUTOS = YES_AGGRESSIVE;
				GCC_WARN_UNUSED_FUNCTION = YES;
				GCC_WARN_UNUSED_VARIABLE = YES;
				IPHONEOS_DEPLOYMENT_TARGET = 16.0;
				MTL_ENABLE_DEBUG_INFO = NO;
				MTL_FAST_MATH = YES;
				SDKROOT = iphoneos;
				SWIFT_COMPILATION_MODE = wholemodule;
				SWIFT_OPTIMIZATION_LEVEL = "-O";
				VALIDATE_PRODUCT = YES;
			};
			name = Release;
		};
		17505C4D29967CA800EE30AC /* Debug */ = {
			isa = XCBuildConfiguration;
			buildSettings = {
				ASSETCATALOG_COMPILER_APPICON_NAME = AppIcon;
				ASSETCATALOG_COMPILER_GLOBAL_ACCENT_COLOR_NAME = AccentColor;
				CODE_SIGN_STYLE = Automatic;
				CURRENT_PROJECT_VERSION = 1;
				DEVELOPMENT_TEAM = 8FG498WH5J;
				GENERATE_INFOPLIST_FILE = YES;
				INFOPLIST_FILE = SurfInternship/Info.plist;
				INFOPLIST_KEY_UIApplicationSupportsIndirectInputEvents = YES;
				INFOPLIST_KEY_UILaunchStoryboardName = LaunchScreen;
				INFOPLIST_KEY_UISupportedInterfaceOrientations_iPad = "UIInterfaceOrientationPortrait UIInterfaceOrientationPortraitUpsideDown UIInterfaceOrientationLandscapeLeft UIInterfaceOrientationLandscapeRight";
				INFOPLIST_KEY_UISupportedInterfaceOrientations_iPhone = "UIInterfaceOrientationPortrait UIInterfaceOrientationLandscapeLeft UIInterfaceOrientationLandscapeRight";
				LD_RUNPATH_SEARCH_PATHS = (
					"$(inherited)",
					"@executable_path/Frameworks",
				);
				MARKETING_VERSION = 1.0;
				PRODUCT_BUNDLE_IDENTIFIER = com.kutab.SurfInternship;
				PRODUCT_NAME = "$(TARGET_NAME)";
				SWIFT_EMIT_LOC_STRINGS = YES;
				SWIFT_VERSION = 5.0;
				TARGETED_DEVICE_FAMILY = "1,2";
			};
			name = Debug;
		};
		17505C4E29967CA800EE30AC /* Release */ = {
			isa = XCBuildConfiguration;
			buildSettings = {
				ASSETCATALOG_COMPILER_APPICON_NAME = AppIcon;
				ASSETCATALOG_COMPILER_GLOBAL_ACCENT_COLOR_NAME = AccentColor;
				CODE_SIGN_STYLE = Automatic;
				CURRENT_PROJECT_VERSION = 1;
				DEVELOPMENT_TEAM = 8FG498WH5J;
				GENERATE_INFOPLIST_FILE = YES;
				INFOPLIST_FILE = SurfInternship/Info.plist;
				INFOPLIST_KEY_UIApplicationSupportsIndirectInputEvents = YES;
				INFOPLIST_KEY_UILaunchStoryboardName = LaunchScreen;
				INFOPLIST_KEY_UISupportedInterfaceOrientations_iPad = "UIInterfaceOrientationPortrait UIInterfaceOrientationPortraitUpsideDown UIInterfaceOrientationLandscapeLeft UIInterfaceOrientationLandscapeRight";
				INFOPLIST_KEY_UISupportedInterfaceOrientations_iPhone = "UIInterfaceOrientationPortrait UIInterfaceOrientationLandscapeLeft UIInterfaceOrientationLandscapeRight";
				LD_RUNPATH_SEARCH_PATHS = (
					"$(inherited)",
					"@executable_path/Frameworks",
				);
				MARKETING_VERSION = 1.0;
				PRODUCT_BUNDLE_IDENTIFIER = com.kutab.SurfInternship;
				PRODUCT_NAME = "$(TARGET_NAME)";
				SWIFT_EMIT_LOC_STRINGS = YES;
				SWIFT_VERSION = 5.0;
				TARGETED_DEVICE_FAMILY = "1,2";
			};
			name = Release;
		};
/* End XCBuildConfiguration section */

/* Begin XCConfigurationList section */
		17505C3329967CA200EE30AC /* Build configuration list for PBXProject "SurfInternship" */ = {
			isa = XCConfigurationList;
			buildConfigurations = (
				17505C4A29967CA800EE30AC /* Debug */,
				17505C4B29967CA800EE30AC /* Release */,
			);
			defaultConfigurationIsVisible = 0;
			defaultConfigurationName = Release;
		};
		17505C4C29967CA800EE30AC /* Build configuration list for PBXNativeTarget "SurfInternship" */ = {
			isa = XCConfigurationList;
			buildConfigurations = (
				17505C4D29967CA800EE30AC /* Debug */,
				17505C4E29967CA800EE30AC /* Release */,
			);
			defaultConfigurationIsVisible = 0;
			defaultConfigurationName = Release;
		};
/* End XCConfigurationList section */
	};
	rootObject = 17505C3029967CA200EE30AC /* Project object */;
}
